
Microsoft Visual Studio Solution File, Format Version 12.00
# Visual Studio Version 16
VisualStudioVersion = 16.0.33027.164
MinimumVisualStudioVersion = 10.0.40219.1
Project("{8BC9CEB8-8B4A-11D0-8D11-00A0C91BC942}") = "RTTI", "practice\practice.vcxproj", "{F2DE06C4-3B6F-4C5B-B2AF-3B5CA499008B}"
EndProject
Project("{8BC9CEB8-8B4A-11D0-8D11-00A0C91BC942}") = "快排", "快排\快排.vcxproj", "{1ADE28AD-830F-475F-9A4E-730491E45A53}"
EndProject
Project("{8BC9CEB8-8B4A-11D0-8D11-00A0C91BC942}") = "类型所占字节数", "类型所占字节数\类型所占字节数.vcxproj", "{AF04EB6A-BF9C-4494-B0A6-B3386E705614}"
EndProject
Project("{8BC9CEB8-8B4A-11D0-8D11-00A0C91BC942}") = "宏定义", "宏定义\宏定义.vcxproj", "{5DA8AF8D-7895-440C-A5F5-D9566E692A88}"
EndProject
Project("{8BC9CEB8-8B4A-11D0-8D11-00A0C91BC942}") = "迭代器", "迭代器\迭代器.vcxproj", "{AD5B7DAC-7FAE-4909-AC54-374A172E38F0}"
EndProject
Project("{8BC9CEB8-8B4A-11D0-8D11-00A0C91BC942}") = "虚函数之间的访问关系", "虚函数之间的访问关系\虚函数之间的访问关系.vcxproj", "{EF119E0B-3C0D-4AB3-88DE-29824517E205}"
EndProject
Project("{8BC9CEB8-8B4A-11D0-8D11-00A0C91BC942}") = "stl", "stl\stl.vcxproj", "{8B761507-EE0A-4908-B74E-5BE684F0E2DB}"
EndProject
Project("{8BC9CEB8-8B4A-11D0-8D11-00A0C91BC942}") = "Funciton_bind", "Funciton_bind\Funciton_bind.vcxproj", "{F878B060-B7AC-417D-AC9B-AF61031FCBB0}"
EndProject
Project("{8BC9CEB8-8B4A-11D0-8D11-00A0C91BC942}") = "线程在哪运行", "线程在哪运行\线程在哪运行.vcxproj", "{0FB327F0-A84B-4F8D-B4D5-BEB3B2842EF6}"
EndProject
Project("{8BC9CEB8-8B4A-11D0-8D11-00A0C91BC942}") = "chrono时间详解", "chrono时间详解\chrono时间详解.vcxproj", "{34D6C9BF-3FEE-4238-8313-C6ECB4181543}"
EndProject
Project("{8BC9CEB8-8B4A-11D0-8D11-00A0C91BC942}") = "打map的值到json", "打map的值到json\打map的值到json.vcxproj", "{7D3CADBE-4D25-4503-A271-AB96DA144414}"
EndProject
Project("{8BC9CEB8-8B4A-11D0-8D11-00A0C91BC942}") = "高性能服务器开发里面的日志", "高性能服务器开发里面的日志\高性能服务器开发里面的日志.vcxproj", "{9594553C-5602-49D7-B688-A8B1F26F185E}"
EndProject
Project("{8BC9CEB8-8B4A-11D0-8D11-00A0C91BC942}") = "不定参数的实现", "不定参数的实现\不定参数的实现.vcxproj", "{5F3D9F8A-DACA-4FA7-8A46-72F2AD6A71ED}"
EndProject
Project("{8BC9CEB8-8B4A-11D0-8D11-00A0C91BC942}") = "Thread", "Thread\Thread.vcxproj", "{2D279EE3-E935-459A-B9AD-CDB072A98A62}"
EndProject
Project("{8BC9CEB8-8B4A-11D0-8D11-00A0C91BC942}") = "右值引用", "右值引用\右值引用.vcxproj", "{71F609AF-177F-46EA-9560-E822EC1E3611}"
EndProject
Global
	GlobalSection(SolutionConfigurationPlatforms) = preSolution
		Debug|x64 = Debug|x64
		Debug|x86 = Debug|x86
		Release|x64 = Release|x64
		Release|x86 = Release|x86
	EndGlobalSection
	GlobalSection(ProjectConfigurationPlatforms) = postSolution
		{F2DE06C4-3B6F-4C5B-B2AF-3B5CA499008B}.Debug|x64.ActiveCfg = Debug|x64
		{F2DE06C4-3B6F-4C5B-B2AF-3B5CA499008B}.Debug|x64.Build.0 = Debug|x64
		{F2DE06C4-3B6F-4C5B-B2AF-3B5CA499008B}.Debug|x86.ActiveCfg = Debug|Win32
		{F2DE06C4-3B6F-4C5B-B2AF-3B5CA499008B}.Debug|x86.Build.0 = Debug|Win32
		{F2DE06C4-3B6F-4C5B-B2AF-3B5CA499008B}.Release|x64.ActiveCfg = Release|x64
		{F2DE06C4-3B6F-4C5B-B2AF-3B5CA499008B}.Release|x64.Build.0 = Release|x64
		{F2DE06C4-3B6F-4C5B-B2AF-3B5CA499008B}.Release|x86.ActiveCfg = Release|Win32
		{F2DE06C4-3B6F-4C5B-B2AF-3B5CA499008B}.Release|x86.Build.0 = Release|Win32
		{1ADE28AD-830F-475F-9A4E-730491E45A53}.Debug|x64.ActiveCfg = Debug|x64
		{1ADE28AD-830F-475F-9A4E-730491E45A53}.Debug|x64.Build.0 = Debug|x64
		{1ADE28AD-830F-475F-9A4E-730491E45A53}.Debug|x86.ActiveCfg = Debug|Win32
		{1ADE28AD-830F-475F-9A4E-730491E45A53}.Debug|x86.Build.0 = Debug|Win32
		{1ADE28AD-830F-475F-9A4E-730491E45A53}.Release|x64.ActiveCfg = Release|x64
		{1ADE28AD-830F-475F-9A4E-730491E45A53}.Release|x64.Build.0 = Release|x64
		{1ADE28AD-830F-475F-9A4E-730491E45A53}.Release|x86.ActiveCfg = Release|Win32
		{1ADE28AD-830F-475F-9A4E-730491E45A53}.Release|x86.Build.0 = Release|Win32
		{AF04EB6A-BF9C-4494-B0A6-B3386E705614}.Debug|x64.ActiveCfg = Debug|x64
		{AF04EB6A-BF9C-4494-B0A6-B3386E705614}.Debug|x64.Build.0 = Debug|x64
		{AF04EB6A-BF9C-4494-B0A6-B3386E705614}.Debug|x86.ActiveCfg = Debug|Win32
		{AF04EB6A-BF9C-4494-B0A6-B3386E705614}.Debug|x86.Build.0 = Debug|Win32
		{AF04EB6A-BF9C-4494-B0A6-B3386E705614}.Release|x64.ActiveCfg = Release|x64
		{AF04EB6A-BF9C-4494-B0A6-B3386E705614}.Release|x64.Build.0 = Release|x64
		{AF04EB6A-BF9C-4494-B0A6-B3386E705614}.Release|x86.ActiveCfg = Release|Win32
		{AF04EB6A-BF9C-4494-B0A6-B3386E705614}.Release|x86.Build.0 = Release|Win32
		{5DA8AF8D-7895-440C-A5F5-D9566E692A88}.Debug|x64.ActiveCfg = Debug|x64
		{5DA8AF8D-7895-440C-A5F5-D9566E692A88}.Debug|x64.Build.0 = Debug|x64
		{5DA8AF8D-7895-440C-A5F5-D9566E692A88}.Debug|x86.ActiveCfg = Debug|Win32
		{5DA8AF8D-7895-440C-A5F5-D9566E692A88}.Debug|x86.Build.0 = Debug|Win32
		{5DA8AF8D-7895-440C-A5F5-D9566E692A88}.Release|x64.ActiveCfg = Release|x64
		{5DA8AF8D-7895-440C-A5F5-D9566E692A88}.Release|x64.Build.0 = Release|x64
		{5DA8AF8D-7895-440C-A5F5-D9566E692A88}.Release|x86.ActiveCfg = Release|Win32
		{5DA8AF8D-7895-440C-A5F5-D9566E692A88}.Release|x86.Build.0 = Release|Win32
		{AD5B7DAC-7FAE-4909-AC54-374A172E38F0}.Debug|x64.ActiveCfg = Debug|x64
		{AD5B7DAC-7FAE-4909-AC54-374A172E38F0}.Debug|x64.Build.0 = Debug|x64
		{AD5B7DAC-7FAE-4909-AC54-374A172E38F0}.Debug|x86.ActiveCfg = Debug|Win32
		{AD5B7DAC-7FAE-4909-AC54-374A172E38F0}.Debug|x86.Build.0 = Debug|Win32
		{AD5B7DAC-7FAE-4909-AC54-374A172E38F0}.Release|x64.ActiveCfg = Release|x64
		{AD5B7DAC-7FAE-4909-AC54-374A172E38F0}.Release|x64.Build.0 = Release|x64
		{AD5B7DAC-7FAE-4909-AC54-374A172E38F0}.Release|x86.ActiveCfg = Release|Win32
		{AD5B7DAC-7FAE-4909-AC54-374A172E38F0}.Release|x86.Build.0 = Release|Win32
		{EF119E0B-3C0D-4AB3-88DE-29824517E205}.Debug|x64.ActiveCfg = Debug|x64
		{EF119E0B-3C0D-4AB3-88DE-29824517E205}.Debug|x64.Build.0 = Debug|x64
		{EF119E0B-3C0D-4AB3-88DE-29824517E205}.Debug|x86.ActiveCfg = Debug|Win32
		{EF119E0B-3C0D-4AB3-88DE-29824517E205}.Debug|x86.Build.0 = Debug|Win32
		{EF119E0B-3C0D-4AB3-88DE-29824517E205}.Release|x64.ActiveCfg = Release|x64
		{EF119E0B-3C0D-4AB3-88DE-29824517E205}.Release|x64.Build.0 = Release|x64
		{EF119E0B-3C0D-4AB3-88DE-29824517E205}.Release|x86.ActiveCfg = Release|Win32
		{EF119E0B-3C0D-4AB3-88DE-29824517E205}.Release|x86.Build.0 = Release|Win32
		{8B761507-EE0A-4908-B74E-5BE684F0E2DB}.Debug|x64.ActiveCfg = Debug|x64
		{8B761507-EE0A-4908-B74E-5BE684F0E2DB}.Debug|x64.Build.0 = Debug|x64
		{8B761507-EE0A-4908-B74E-5BE684F0E2DB}.Debug|x86.ActiveCfg = Debug|Win32
		{8B761507-EE0A-4908-B74E-5BE684F0E2DB}.Debug|x86.Build.0 = Debug|Win32
		{8B761507-EE0A-4908-B74E-5BE684F0E2DB}.Release|x64.ActiveCfg = Release|x64
		{8B761507-EE0A-4908-B74E-5BE684F0E2DB}.Release|x64.Build.0 = Release|x64
		{8B761507-EE0A-4908-B74E-5BE684F0E2DB}.Release|x86.ActiveCfg = Release|Win32
		{8B761507-EE0A-4908-B74E-5BE684F0E2DB}.Release|x86.Build.0 = Release|Win32
		{F878B060-B7AC-417D-AC9B-AF61031FCBB0}.Debug|x64.ActiveCfg = Debug|x64
		{F878B060-B7AC-417D-AC9B-AF61031FCBB0}.Debug|x64.Build.0 = Debug|x64
		{F878B060-B7AC-417D-AC9B-AF61031FCBB0}.Debug|x86.ActiveCfg = Debug|Win32
		{F878B060-B7AC-417D-AC9B-AF61031FCBB0}.Debug|x86.Build.0 = Debug|Win32
		{F878B060-B7AC-417D-AC9B-AF61031FCBB0}.Release|x64.ActiveCfg = Release|x64
		{F878B060-B7AC-417D-AC9B-AF61031FCBB0}.Release|x64.Build.0 = Release|x64
		{F878B060-B7AC-417D-AC9B-AF61031FCBB0}.Release|x86.ActiveCfg = Release|Win32
		{F878B060-B7AC-417D-AC9B-AF61031FCBB0}.Release|x86.Build.0 = Release|Win32
		{0FB327F0-A84B-4F8D-B4D5-BEB3B2842EF6}.Debug|x64.ActiveCfg = Debug|x64
		{0FB327F0-A84B-4F8D-B4D5-BEB3B2842EF6}.Debug|x64.Build.0 = Debug|x64
		{0FB327F0-A84B-4F8D-B4D5-BEB3B2842EF6}.Debug|x86.ActiveCfg = Debug|Win32
		{0FB327F0-A84B-4F8D-B4D5-BEB3B2842EF6}.Debug|x86.Build.0 = Debug|Win32
		{0FB327F0-A84B-4F8D-B4D5-BEB3B2842EF6}.Release|x64.ActiveCfg = Release|x64
		{0FB327F0-A84B-4F8D-B4D5-BEB3B2842EF6}.Release|x64.Build.0 = Release|x64
		{0FB327F0-A84B-4F8D-B4D5-BEB3B2842EF6}.Release|x86.ActiveCfg = Release|Win32
		{0FB327F0-A84B-4F8D-B4D5-BEB3B2842EF6}.Release|x86.Build.0 = Release|Win32
		{34D6C9BF-3FEE-4238-8313-C6ECB4181543}.Debug|x64.ActiveCfg = Debug|x64
		{34D6C9BF-3FEE-4238-8313-C6ECB4181543}.Debug|x64.Build.0 = Debug|x64
		{34D6C9BF-3FEE-4238-8313-C6ECB4181543}.Debug|x86.ActiveCfg = Debug|Win32
		{34D6C9BF-3FEE-4238-8313-C6ECB4181543}.Debug|x86.Build.0 = Debug|Win32
		{34D6C9BF-3FEE-4238-8313-C6ECB4181543}.Release|x64.ActiveCfg = Release|x64
		{34D6C9BF-3FEE-4238-8313-C6ECB4181543}.Release|x64.Build.0 = Release|x64
		{34D6C9BF-3FEE-4238-8313-C6ECB4181543}.Release|x86.ActiveCfg = Release|Win32
		{34D6C9BF-3FEE-4238-8313-C6ECB4181543}.Release|x86.Build.0 = Release|Win32
		{7D3CADBE-4D25-4503-A271-AB96DA144414}.Debug|x64.ActiveCfg = Debug|x64
		{7D3CADBE-4D25-4503-A271-AB96DA144414}.Debug|x64.Build.0 = Debug|x64
		{7D3CADBE-4D25-4503-A271-AB96DA144414}.Debug|x86.ActiveCfg = Debug|Win32
		{7D3CADBE-4D25-4503-A271-AB96DA144414}.Debug|x86.Build.0 = Debug|Win32
		{7D3CADBE-4D25-4503-A271-AB96DA144414}.Release|x64.ActiveCfg = Release|x64
		{7D3CADBE-4D25-4503-A271-AB96DA144414}.Release|x64.Build.0 = Release|x64
		{7D3CADBE-4D25-4503-A271-AB96DA144414}.Release|x86.ActiveCfg = Release|Win32
		{7D3CADBE-4D25-4503-A271-AB96DA144414}.Release|x86.Build.0 = Release|Win32
		{9594553C-5602-49D7-B688-A8B1F26F185E}.Debug|x64.ActiveCfg = Debug|x64
		{9594553C-5602-49D7-B688-A8B1F26F185E}.Debug|x64.Build.0 = Debug|x64
		{9594553C-5602-49D7-B688-A8B1F26F185E}.Debug|x86.ActiveCfg = Debug|Win32
		{9594553C-5602-49D7-B688-A8B1F26F185E}.Debug|x86.Build.0 = Debug|Win32
		{9594553C-5602-49D7-B688-A8B1F26F185E}.Release|x64.ActiveCfg = Release|x64
		{9594553C-5602-49D7-B688-A8B1F26F185E}.Release|x64.Build.0 = Release|x64
		{9594553C-5602-49D7-B688-A8B1F26F185E}.Release|x86.ActiveCfg = Release|Win32
		{9594553C-5602-49D7-B688-A8B1F26F185E}.Release|x86.Build.0 = Release|Win32
		{5F3D9F8A-DACA-4FA7-8A46-72F2AD6A71ED}.Debug|x64.ActiveCfg = Debug|x64
		{5F3D9F8A-DACA-4FA7-8A46-72F2AD6A71ED}.Debug|x64.Build.0 = Debug|x64
		{5F3D9F8A-DACA-4FA7-8A46-72F2AD6A71ED}.Debug|x86.ActiveCfg = Debug|Win32
		{5F3D9F8A-DACA-4FA7-8A46-72F2AD6A71ED}.Debug|x86.Build.0 = Debug|Win32
		{5F3D9F8A-DACA-4FA7-8A46-72F2AD6A71ED}.Release|x64.ActiveCfg = Release|x64
		{5F3D9F8A-DACA-4FA7-8A46-72F2AD6A71ED}.Release|x64.Build.0 = Release|x64
		{5F3D9F8A-DACA-4FA7-8A46-72F2AD6A71ED}.Release|x86.ActiveCfg = Release|Win32
		{5F3D9F8A-DACA-4FA7-8A46-72F2AD6A71ED}.Release|x86.Build.0 = Release|Win32
		{2D279EE3-E935-459A-B9AD-CDB072A98A62}.Debug|x64.ActiveCfg = Debug|x64
		{2D279EE3-E935-459A-B9AD-CDB072A98A62}.Debug|x64.Build.0 = Debug|x64
		{2D279EE3-E935-459A-B9AD-CDB072A98A62}.Debug|x86.ActiveCfg = Debug|Win32
		{2D279EE3-E935-459A-B9AD-CDB072A98A62}.Debug|x86.Build.0 = Debug|Win32
		{2D279EE3-E935-459A-B9AD-CDB072A98A62}.Release|x64.ActiveCfg = Release|x64
		{2D279EE3-E935-459A-B9AD-CDB072A98A62}.Release|x64.Build.0 = Release|x64
		{2D279EE3-E935-459A-B9AD-CDB072A98A62}.Release|x86.ActiveCfg = Release|Win32
		{2D279EE3-E935-459A-B9AD-CDB072A98A62}.Release|x86.Build.0 = Release|Win32
		{71F609AF-177F-46EA-9560-E822EC1E3611}.Debug|x64.ActiveCfg = Debug|x64
		{71F609AF-177F-46EA-9560-E822EC1E3611}.Debug|x64.Build.0 = Debug|x64
		{71F609AF-177F-46EA-9560-E822EC1E3611}.Debug|x86.ActiveCfg = Debug|Win32
		{71F609AF-177F-46EA-9560-E822EC1E3611}.Debug|x86.Build.0 = Debug|Win32
		{71F609AF-177F-46EA-9560-E822EC1E3611}.Release|x64.ActiveCfg = Release|x64
		{71F609AF-177F-46EA-9560-E822EC1E3611}.Release|x64.Build.0 = Release|x64
		{71F609AF-177F-46EA-9560-E822EC1E3611}.Release|x86.ActiveCfg = Release|Win32
		{71F609AF-177F-46EA-9560-E822EC1E3611}.Release|x86.Build.0 = Release|Win32
	EndGlobalSection
	GlobalSection(SolutionProperties) = preSolution
		HideSolutionNode = FALSE
	EndGlobalSection
	GlobalSection(ExtensibilityGlobals) = postSolution
		SolutionGuid = {73046EF4-91E9-4B31-9256-44A14F948362}
	EndGlobalSection
EndGlobal
